
Microsoft Visual Studio Solution File, Format Version 12.00
# Visual Studio Version 17
VisualStudioVersion = 17.9.34714.143
MinimumVisualStudioVersion = 10.0.40219.1
Project("{FAE04EC0-301F-11D3-BF4B-00C04F79EFBC}") = "UserManagement.Server", "UserManagement.Server\UserManagement.Server.csproj", "{4C7D30E4-4B95-40C9-A1C4-3FE6ECE3DEE0}"
EndProject
Project("{E53339B2-1760-4266-BCC7-CA923CBCF16C}") = "docker-compose", "docker-compose.dcproj", "{BE36405E-2D2D-4715-93FA-4D609D384515}"
EndProject
Global
	GlobalSection(SolutionConfigurationPlatforms) = preSolution
		Debug|Any CPU = Debug|Any CPU
		Release|Any CPU = Release|Any CPU
	EndGlobalSection
	GlobalSection(ProjectConfigurationPlatforms) = postSolution
		{4C7D30E4-4B95-40C9-A1C4-3FE6ECE3DEE0}.Debug|Any CPU.ActiveCfg = Debug|Any CPU
		{4C7D30E4-4B95-40C9-A1C4-3FE6ECE3DEE0}.Debug|Any CPU.Build.0 = Debug|Any CPU
		{4C7D30E4-4B95-40C9-A1C4-3FE6ECE3DEE0}.Release|Any CPU.ActiveCfg = Release|Any CPU
		{4C7D30E4-4B95-40C9-A1C4-3FE6ECE3DEE0}.Release|Any CPU.Build.0 = Release|Any CPU
		{BE36405E-2D2D-4715-93FA-4D609D384515}.Debug|Any CPU.ActiveCfg = Debug|Any CPU
		{BE36405E-2D2D-4715-93FA-4D609D384515}.Debug|Any CPU.Build.0 = Debug|Any CPU
		{BE36405E-2D2D-4715-93FA-4D609D384515}.Release|Any CPU.ActiveCfg = Release|Any CPU
		{BE36405E-2D2D-4715-93FA-4D609D384515}.Release|Any CPU.Build.0 = Release|Any CPU
	EndGlobalSection
	GlobalSection(SolutionProperties) = preSolution
		HideSolutionNode = FALSE
	EndGlobalSection
	GlobalSection(ExtensibilityGlobals) = postSolution
		SolutionGuid = {881EC8B8-36AD-4E4F-8CF9-5AEC63A76CE7}
	EndGlobalSection
EndGlobal
